
Microsoft Visual Studio Solution File, Format Version 12.00
# Visual Studio 14
VisualStudioVersion = 14.0.25123.0
MinimumVisualStudioVersion = 10.0.40219.1
Project("{FAE04EC0-301F-11D3-BF4B-00C04F79EFBC}") = "CustomManager", "CustomManager\CustomManager.csproj", "{1C47FBD5-E10E-4FBC-A425-E6E6009DD4DA}"
EndProject
Project("{FAE04EC0-301F-11D3-BF4B-00C04F79EFBC}") = "CustomManager.Controls", "CustomManager.Controls\CustomManager.Controls.csproj", "{6D15DEE0-E6FF-4533-B7DA-D0F48D0AD3F5}"
EndProject
Global
	GlobalSection(SolutionConfigurationPlatforms) = preSolution
		Debug|Any CPU = Debug|Any CPU
		Release|Any CPU = Release|Any CPU
	EndGlobalSection
	GlobalSection(ProjectConfigurationPlatforms) = postSolution
		{1C47FBD5-E10E-4FBC-A425-E6E6009DD4DA}.Debug|Any CPU.ActiveCfg = Debug|Any CPU
		{1C47FBD5-E10E-4FBC-A425-E6E6009DD4DA}.Debug|Any CPU.Build.0 = Debug|Any CPU
		{1C47FBD5-E10E-4FBC-A425-E6E6009DD4DA}.Release|Any CPU.ActiveCfg = Release|Any CPU
		{1C47FBD5-E10E-4FBC-A425-E6E6009DD4DA}.Release|Any CPU.Build.0 = Release|Any CPU
		{6D15DEE0-E6FF-4533-B7DA-D0F48D0AD3F5}.Debug|Any CPU.ActiveCfg = Debug|Any CPU
		{6D15DEE0-E6FF-4533-B7DA-D0F48D0AD3F5}.Debug|Any CPU.Build.0 = Debug|Any CPU
		{6D15DEE0-E6FF-4533-B7DA-D0F48D0AD3F5}.Release|Any CPU.ActiveCfg = Release|Any CPU
		{6D15DEE0-E6FF-4533-B7DA-D0F48D0AD3F5}.Release|Any CPU.Build.0 = Release|Any CPU
	EndGlobalSection
	GlobalSection(SolutionProperties) = preSolution
		HideSolutionNode = FALSE
	EndGlobalSection
EndGlobal
